# definitions lock for the dsp spoke.
#
# The definitions are the `defs` submodule; this file pins WHICH
# commit of it, and records the hashes of everything read out of it.
# Generated/updated by ./sync-defs.sh --update-lock — never by hand.

DEFS_REPO=invirco/defs
DEFS_PATH=defs
DEFS_COMMIT=084dbc156cf3bd41b255239d755d0dd89b6ef6e2
CONTRACT_VERSION=defs-v2026.09.16
DEFS_MANIFEST_SHA256=99fd6b6372cd40818c71851f54fdfec906c6758e941b00a8322318bb71076a8c

# Declarations consumed by this repo (paths relative to defs/).
D12_DEF_SHA256=b4f5e931da494df8a17566d85d44699a8b57d5f21b7fd50a5ad8367f516d3b9c
D12_MASTER_SHA256=50a54013d0e520c15bdc7492a15edaf0edea9365a63764a78d15e94373bb0eb0
D16_DEF_SHA256=72f175f8ec62d3111eebbdce3d12060728077ba8742258953f4a47a828fae69a
D16_MASTER_SHA256=e36f076fe0babb3ab2547585d2ff2431be38e78ee9c24feac868f4c8fa5f821a
D24_DEF_SHA256=76dc31421eb53d4192f95185a01cb5ce1a38c83c141430204df6d11beb9ea7d9
D24_FW_SHA256=8d3f6bfaabde0f99f8ef5be50fcbf35f1d2ced70bcc58ccde2778d419c87f42a
D24_MASTER_SHA256=8f441eee6de8a7837e0314232fec9cd42ff4a10c0b6d549655ee533cc2485aa1
D24_WIRE_TABLE_SHA256=60666a1be75b82b7143dc87d4bce386db210ecff15469013dbd90126b69ca50f
D32_DEF_SHA256=f4308a82eefe60182dd4d8fdc084b12db5826bff75db0bb0ee77e644ebfb85d4
D32_FW_SHA256=15364f130dd39245b73bc6836ebc3a0acf1f3fd1fa9911e28306079501b09294
D32_MASTER_SHA256=a9d51012e112cd47d5c12de63774d84f88c6178d317339d6dad14f76a50566fd
D32_WIRE_TABLE_SHA256=7ca78dc645bc4870cb9b54cc479b30479cc55906a15a54423eb7d7e1d58dc6d9
MX_CELL_MASTER_SHA256=208c307ec5a137d81af03539a471ab185455a57aaa7435ae80f475808acd6edb
WIRE_UNITS_SHA256=e4c244acf372001ea2ba00e966b755876c55ad92300f75fb55024dacdee147cc

# MW/<P>/MX/_matrix.csv as defs/tools/expand_matrix.py writes it,
# BEFORE gen_dsp.py backfills the DSP address columns. _GEN is the
# matrix generation id (defs/tools/matrix_gen_id.py base-id) — the
# one number that is comparable against the console and the app.
D12_MATRIX_SHA256=c6d643f72ad8b7c65743cdaf758f95c52769cac783bda3ab1faf1f5e72a60472
D12_MATRIX_GEN=68957bae0191
D16_MATRIX_SHA256=712fe722cd9b5619b3a5f1071e8cb3d25bc7e20fb82a63d05d1045a77ab8d135
D16_MATRIX_GEN=9ec59b69ad98
D24_MATRIX_SHA256=9e98f021510a095cde9b1e547018bb29441025ca9570875091ca478de1d0b31e
D24_MATRIX_GEN=b2206cd8490d
D32_MATRIX_SHA256=6f1c9490c7f183be21a5bc86000e8f2d5eab89ffbd3378a01a3afdb8d36a95e2
D32_MATRIX_GEN=e79efd25f0f9
