# definitions lock for the dsp spoke.
#
# The definitions are the `defs` submodule; this file pins WHICH
# commit of it, and records the hashes of everything read out of it.
# Generated/updated by ./sync-defs.sh --update-lock — never by hand.

DEFS_REPO=invirco/defs
DEFS_PATH=defs
DEFS_COMMIT=10d2f672cd57bde140e5ee6d44e0c865206f0c1e
CONTRACT_VERSION=defs-v2026.09.16.5
DEFS_MANIFEST_SHA256=5a8fddeadbdb22aa1f3a99390b9c745de5a481ddc4c9697a9699916098ec9cd9

# Declarations consumed by this repo (paths relative to defs/).
D12_DEF_SHA256=b4f5e931da494df8a17566d85d44699a8b57d5f21b7fd50a5ad8367f516d3b9c
D12_MASTER_SHA256=84ab7e0e3e018fc665c36b77f596ae849711cab52819765748b8c9d2dcbc9b58
D16_DEF_SHA256=72f175f8ec62d3111eebbdce3d12060728077ba8742258953f4a47a828fae69a
D16_MASTER_SHA256=12b8941031f8dc9ecf30d31c0a653fb11a0ba63c523070439b9e593201f5ddbd
D24_DEF_SHA256=76dc31421eb53d4192f95185a01cb5ce1a38c83c141430204df6d11beb9ea7d9
D24_FW_SHA256=8d3f6bfaabde0f99f8ef5be50fcbf35f1d2ced70bcc58ccde2778d419c87f42a
D24_MASTER_SHA256=1fcf38f27043d6cf880ebd55d21dc96f75f7e359d7988a88a47ef7dbfa612b97
D24_WIRE_TABLE_SHA256=60666a1be75b82b7143dc87d4bce386db210ecff15469013dbd90126b69ca50f
D32_DEF_SHA256=f4308a82eefe60182dd4d8fdc084b12db5826bff75db0bb0ee77e644ebfb85d4
D32_FW_SHA256=15364f130dd39245b73bc6836ebc3a0acf1f3fd1fa9911e28306079501b09294
D32_MASTER_SHA256=7db2b99d24561a48395c07599cb9a2263622d11634464892323ff8d82da6fa8b
D32_WIRE_TABLE_SHA256=7ca78dc645bc4870cb9b54cc479b30479cc55906a15a54423eb7d7e1d58dc6d9
MX_CELL_MASTER_SHA256=11043c360999db18b6ac26ff0918bed56d080673fd925a58caa01f3d44282515
WIRE_UNITS_SHA256=e4c244acf372001ea2ba00e966b755876c55ad92300f75fb55024dacdee147cc

# MW/<P>/MX/_matrix.csv as defs/tools/expand_matrix.py writes it,
# BEFORE gen_dsp.py backfills the DSP address columns. _GEN is the
# matrix generation id (defs/tools/matrix_gen_id.py base-id) — the
# one number that is comparable against the console and the app.
D12_MATRIX_SHA256=39707f5cffb54075c5d8177b9c77a737ad513cc979884366ea1461765100a1c2
D12_MATRIX_GEN=de54028f6fe2
D16_MATRIX_SHA256=2cb3e3424a911100033021c43197aa85518d9fe17bf1dbce74be082286a3c35f
D16_MATRIX_GEN=7938e0d7ffc7
D24_MATRIX_SHA256=2e272d570cef2b7caecbfe6d573167a52cf82a77b6416885b8eb899bfa353958
D24_MATRIX_GEN=39836144a9ba
D32_MATRIX_SHA256=86c2a2a60400422d4192d5f4308ca66d749a78e07f9f5ccc45771095fa913e1a
D32_MATRIX_GEN=e473dd8c42d5
