# definitions lock for the dsp spoke.
#
# The definitions are the `defs` submodule; this file pins WHICH
# commit of it, and records the hashes of everything read out of it.
# Generated/updated by ./sync-defs.sh --update-lock — never by hand.

DEFS_REPO=invirco/defs
DEFS_PATH=defs
DEFS_COMMIT=6fd91594315912e856b2e092d9b259f0d02da016
CONTRACT_VERSION=defs-v2026.09.19.3
DEFS_MANIFEST_SHA256=22b3b548c07affd33fd7d3ab605c506e26d8884dec63fbc421b7d1052a34566e

# Declarations consumed by this repo (paths relative to defs/).
D12_DEF_SHA256=b4f5e931da494df8a17566d85d44699a8b57d5f21b7fd50a5ad8367f516d3b9c
D12_MASTER_SHA256=0a81d8361d61f74d7f93df724e9a21a29152b822e9b23ef523ae1bbbce142c4b
D16_DEF_SHA256=72f175f8ec62d3111eebbdce3d12060728077ba8742258953f4a47a828fae69a
D16_MASTER_SHA256=a2b841277c82008623a0a99d116f04a815a136d8a5a3ccde489046fc19504211
D24_DEF_SHA256=3a0522482fda1141dc2ae4d52759855873610a550a2883ea9a180d584bd41b11
D24_FW_SHA256=8d3f6bfaabde0f99f8ef5be50fcbf35f1d2ced70bcc58ccde2778d419c87f42a
D24_MASTER_SHA256=76301dd6eaaafdcd28d3e479bd49da7cd1514eb3658531a3e9103d1925eb1e25
D24_WIRE_TABLE_SHA256=0dc6b841bd1578c46ca9795387661002102ebf404b8ef73ae4fba3cd4026e189
D32_DEF_SHA256=f4308a82eefe60182dd4d8fdc084b12db5826bff75db0bb0ee77e644ebfb85d4
D32_FW_SHA256=15364f130dd39245b73bc6836ebc3a0acf1f3fd1fa9911e28306079501b09294
D32_MASTER_SHA256=a5054c29856fff74fe7abbb7603f61e0db15e8b7624cf5788f250b2bba71f261
D32_WIRE_TABLE_SHA256=7ca78dc645bc4870cb9b54cc479b30479cc55906a15a54423eb7d7e1d58dc6d9
MX_CELL_MASTER_SHA256=517679aec270561b9d9d86f534fdcd90929f1dfac9d092fee94837f52c8e0654
WIRE_UNITS_SHA256=e4c244acf372001ea2ba00e966b755876c55ad92300f75fb55024dacdee147cc

# MW/<P>/MX/_matrix.csv as defs/tools/expand_matrix.py writes it,
# BEFORE gen_dsp.py backfills the DSP address columns. _GEN is the
# matrix generation id (defs/tools/matrix_gen_id.py base-id) — the
# one number that is comparable against the console and the app.
D12_MATRIX_SHA256=d2590703d820a82b7a19d4c4ce427f32604bc48349b8fb9ee8eb38545357c17a
D12_MATRIX_GEN=de54028f6fe2
D16_MATRIX_SHA256=7d65de356d1fe9bdafbe15ac9f1a487c7112c3a5cba5b61c197fbd9a5d7d20ff
D16_MATRIX_GEN=7938e0d7ffc7
D24_MATRIX_SHA256=9390eff3b803120b3db5a683e51c6e36f59df28aad21ad87bad741f0ed9915de
D24_MATRIX_GEN=54c7eafc8811
D32_MATRIX_SHA256=0bb43a2044587c6120d57e6ba6f732718bce818d68cf5da67136f85e8a999859
D32_MATRIX_GEN=e473dd8c42d5
